// !$*UTF8*$!
{
	archiveVersion = 1;
	classes = {
	};
	objectVersion = 56;
	objects = {

/* Begin PBXBuildFile section */
		0B5025DA2A063EFF004E3671 /* SleepTrackerApp.swift in Sources */ = {isa = PBXBuildFile; fileRef = 0B5025D92A063EFF004E3671 /* SleepTrackerApp.swift */; };
		0B5025DC2A063F00004E3671 /* ContentView.swift in Sources */ = {isa = PBXBuildFile; fileRef = 0B5025DB2A063F00004E3671 /* ContentView.swift */; };
		0B5025DE2A063F06004E3671 /* Assets.xcassets in Resources */ = {isa = PBXBuildFile; fileRef = 0B5025DD2A063F06004E3671 /* Assets.xcassets */; };
		0B5025E12A063F06004E3671 /* Preview Assets.xcassets in Resources */ = {isa = PBXBuildFile; fileRef = 0B5025E02A063F06004E3671 /* Preview Assets.xcassets */; };
		0B5025EB2A063F07004E3671 /* Sleep_TrackerTests.swift in Sources */ = {isa = PBXBuildFile; fileRef = 0B5025EA2A063F07004E3671 /* Sleep_TrackerTests.swift */; };
		0B5025F52A063F07004E3671 /* Sleep_TrackerUITests.swift in Sources */ = {isa = PBXBuildFile; fileRef = 0B5025F42A063F07004E3671 /* Sleep_TrackerUITests.swift */; };
		0B5025F72A063F07004E3671 /* Sleep_TrackerUITestsLaunchTests.swift in Sources */ = {isa = PBXBuildFile; fileRef = 0B5025F62A063F07004E3671 /* Sleep_TrackerUITestsLaunchTests.swift */; };
		9354B4DD2A0ABB4A0095F1CD /* Color+AppScheme.swift in Sources */ = {isa = PBXBuildFile; fileRef = 9354B4DC2A0ABB4A0095F1CD /* Color+AppScheme.swift */; };
		9354B4DF2A0ABDDA0095F1CD /* Color+AppSchemeTests.swift in Sources */ = {isa = PBXBuildFile; fileRef = 9354B4DE2A0ABDDA0095F1CD /* Color+AppSchemeTests.swift */; };
		9354B4E02A0ABF310095F1CD /* Color+AppScheme.swift in Sources */ = {isa = PBXBuildFile; fileRef = 9354B4DC2A0ABB4A0095F1CD /* Color+AppScheme.swift */; };
		9363F2DB2A0D44F20067647F /* Image+AppImage.swift in Sources */ = {isa = PBXBuildFile; fileRef = 9363F2DA2A0D44F20067647F /* Image+AppImage.swift */; };
		9363F2DD2A0D67DD0067647F /* Image+AppImageTests.swift in Sources */ = {isa = PBXBuildFile; fileRef = 9363F2DC2A0D67DD0067647F /* Image+AppImageTests.swift */; };
		9363F2DE2A0D67F10067647F /* Image+AppImage.swift in Sources */ = {isa = PBXBuildFile; fileRef = 9363F2DA2A0D44F20067647F /* Image+AppImage.swift */; };
		BF6918DE2A14B88800A5DF33 /* AlarmButton.swift in Sources */ = {isa = PBXBuildFile; fileRef = BF6918DD2A14B88800A5DF33 /* AlarmButton.swift */; };
		BF6918E02A14C20B00A5DF33 /* SleepTimePicker.swift in Sources */ = {isa = PBXBuildFile; fileRef = BF6918DF2A14C20B00A5DF33 /* SleepTimePicker.swift */; };
		BF77C2792A0A78F500BB6656 /* SleepSetupView.swift in Sources */ = {isa = PBXBuildFile; fileRef = BF77C2782A0A78F500BB6656 /* SleepSetupView.swift */; };
/* End PBXBuildFile section */

/* Begin PBXContainerItemProxy section */
		0B5025E72A063F06004E3671 /* PBXContainerItemProxy */ = {
			isa = PBXContainerItemProxy;
			containerPortal = 0B5025CE2A063EFF004E3671 /* Project object */;
			proxyType = 1;
			remoteGlobalIDString = 0B5025D52A063EFF004E3671;
			remoteInfo = "Sleep Tracker";
		};
		0B5025F12A063F07004E3671 /* PBXContainerItemProxy */ = {
			isa = PBXContainerItemProxy;
			containerPortal = 0B5025CE2A063EFF004E3671 /* Project object */;
			proxyType = 1;
			remoteGlobalIDString = 0B5025D52A063EFF004E3671;
			remoteInfo = "Sleep Tracker";
		};
/* End PBXContainerItemProxy section */

/* Begin PBXFileReference section */
		0B5025D62A063EFF004E3671 /* Sleep Tracker.app */ = {isa = PBXFileReference; explicitFileType = wrapper.application; includeInIndex = 0; path = "Sleep Tracker.app"; sourceTree = BUILT_PRODUCTS_DIR; };
		0B5025D92A063EFF004E3671 /* SleepTrackerApp.swift */ = {isa = PBXFileReference; lastKnownFileType = sourcecode.swift; path = SleepTrackerApp.swift; sourceTree = "<group>"; };
		0B5025DB2A063F00004E3671 /* ContentView.swift */ = {isa = PBXFileReference; lastKnownFileType = sourcecode.swift; path = ContentView.swift; sourceTree = "<group>"; };
		0B5025DD2A063F06004E3671 /* Assets.xcassets */ = {isa = PBXFileReference; lastKnownFileType = folder.assetcatalog; path = Assets.xcassets; sourceTree = "<group>"; };
		0B5025E02A063F06004E3671 /* Preview Assets.xcassets */ = {isa = PBXFileReference; lastKnownFileType = folder.assetcatalog; path = "Preview Assets.xcassets"; sourceTree = "<group>"; };
		0B5025E62A063F06004E3671 /* Sleep TrackerTests.xctest */ = {isa = PBXFileReference; explicitFileType = wrapper.cfbundle; includeInIndex = 0; path = "Sleep TrackerTests.xctest"; sourceTree = BUILT_PRODUCTS_DIR; };
		0B5025EA2A063F07004E3671 /* Sleep_TrackerTests.swift */ = {isa = PBXFileReference; lastKnownFileType = sourcecode.swift; path = Sleep_TrackerTests.swift; sourceTree = "<group>"; };
		0B5025F02A063F07004E3671 /* Sleep TrackerUITests.xctest */ = {isa = PBXFileReference; explicitFileType = wrapper.cfbundle; includeInIndex = 0; path = "Sleep TrackerUITests.xctest"; sourceTree = BUILT_PRODUCTS_DIR; };
		0B5025F42A063F07004E3671 /* Sleep_TrackerUITests.swift */ = {isa = PBXFileReference; lastKnownFileType = sourcecode.swift; path = Sleep_TrackerUITests.swift; sourceTree = "<group>"; };
		0B5025F62A063F07004E3671 /* Sleep_TrackerUITestsLaunchTests.swift */ = {isa = PBXFileReference; lastKnownFileType = sourcecode.swift; path = Sleep_TrackerUITestsLaunchTests.swift; sourceTree = "<group>"; };
		9354B4DC2A0ABB4A0095F1CD /* Color+AppScheme.swift */ = {isa = PBXFileReference; lastKnownFileType = sourcecode.swift; path = "Color+AppScheme.swift"; sourceTree = "<group>"; };
		9354B4DE2A0ABDDA0095F1CD /* Color+AppSchemeTests.swift */ = {isa = PBXFileReference; lastKnownFileType = sourcecode.swift; path = "Color+AppSchemeTests.swift"; sourceTree = "<group>"; };
		9363F2DA2A0D44F20067647F /* Image+AppImage.swift */ = {isa = PBXFileReference; lastKnownFileType = sourcecode.swift; path = "Image+AppImage.swift"; sourceTree = "<group>"; };
		9363F2DC2A0D67DD0067647F /* Image+AppImageTests.swift */ = {isa = PBXFileReference; lastKnownFileType = sourcecode.swift; path = "Image+AppImageTests.swift"; sourceTree = "<group>"; };
		BF6918DD2A14B88800A5DF33 /* AlarmButton.swift */ = {isa = PBXFileReference; lastKnownFileType = sourcecode.swift; path = AlarmButton.swift; sourceTree = "<group>"; };
		BF6918DF2A14C20B00A5DF33 /* SleepTimePicker.swift */ = {isa = PBXFileReference; lastKnownFileType = sourcecode.swift; path = SleepTimePicker.swift; sourceTree = "<group>"; };
		BF77C2782A0A78F500BB6656 /* SleepSetupView.swift */ = {isa = PBXFileReference; lastKnownFileType = sourcecode.swift; path = SleepSetupView.swift; sourceTree = "<group>"; };
/* End PBXFileReference section */

/* Begin PBXFrameworksBuildPhase section */
		0B5025D32A063EFF004E3671 /* Frameworks */ = {
			isa = PBXFrameworksBuildPhase;
			buildActionMask = 2147483647;
			files = (
			);
			runOnlyForDeploymentPostprocessing = 0;
		};
		0B5025E32A063F06004E3671 /* Frameworks */ = {
			isa = PBXFrameworksBuildPhase;
			buildActionMask = 2147483647;
			files = (
			);
			runOnlyForDeploymentPostprocessing = 0;
		};
		0B5025ED2A063F07004E3671 /* Frameworks */ = {
			isa = PBXFrameworksBuildPhase;
			buildActionMask = 2147483647;
			files = (
			);
			runOnlyForDeploymentPostprocessing = 0;
		};
/* End PBXFrameworksBuildPhase section */

/* Begin PBXGroup section */
		0B5025CD2A063EFF004E3671 = {
			isa = PBXGroup;
			children = (
				0B5025D82A063EFF004E3671 /* Sleep Tracker */,
				0B5025E92A063F07004E3671 /* Sleep TrackerTests */,
				0B5025F32A063F07004E3671 /* Sleep TrackerUITests */,
				0B5025D72A063EFF004E3671 /* Products */,
			);
			sourceTree = "<group>";
		};
		0B5025D72A063EFF004E3671 /* Products */ = {
			isa = PBXGroup;
			children = (
				0B5025D62A063EFF004E3671 /* Sleep Tracker.app */,
				0B5025E62A063F06004E3671 /* Sleep TrackerTests.xctest */,
				0B5025F02A063F07004E3671 /* Sleep TrackerUITests.xctest */,
			);
			name = Products;
			sourceTree = "<group>";
		};
		0B5025D82A063EFF004E3671 /* Sleep Tracker */ = {
			isa = PBXGroup;
			children = (
				0B5025D92A063EFF004E3671 /* SleepTrackerApp.swift */,
				0B5026082A06426C004E3671 /* Helpers */,
				0B5026052A06424E004E3671 /* Model */,
				0B5026072A06425F004E3671 /* ViewModel */,
				0B5026062A064259004E3671 /* View */,
			);
			path = "Sleep Tracker";
			sourceTree = "<group>";
		};
		0B5025DF2A063F06004E3671 /* Preview Content */ = {
			isa = PBXGroup;
			children = (
				0B5025E02A063F06004E3671 /* Preview Assets.xcassets */,
			);
			path = "Preview Content";
			sourceTree = "<group>";
		};
		0B5025E92A063F07004E3671 /* Sleep TrackerTests */ = {
			isa = PBXGroup;
			children = (
				0B5025EA2A063F07004E3671 /* Sleep_TrackerTests.swift */,
			);
			path = "Sleep TrackerTests";
			sourceTree = "<group>";
		};
		0B5025F32A063F07004E3671 /* Sleep TrackerUITests */ = {
			isa = PBXGroup;
			children = (
				93E238932A0B7EE600B58D0E /* Helpers */,
				0B5025F42A063F07004E3671 /* Sleep_TrackerUITests.swift */,
				0B5025F62A063F07004E3671 /* Sleep_TrackerUITestsLaunchTests.swift */,
			);
			path = "Sleep TrackerUITests";
			sourceTree = "<group>";
		};
		0B5026052A06424E004E3671 /* Model */ = {
			isa = PBXGroup;
			children = (
			);
			path = Model;
			sourceTree = "<group>";
		};
		0B5026062A064259004E3671 /* View */ = {
			isa = PBXGroup;
			children = (
				BF77C2772A0A78CC00BB6656 /* SleepPageView */,
				0B5025DB2A063F00004E3671 /* ContentView.swift */,
			);
			path = View;
			sourceTree = "<group>";
		};
		0B5026072A06425F004E3671 /* ViewModel */ = {
			isa = PBXGroup;
			children = (
			);
			path = ViewModel;
			sourceTree = "<group>";
		};
		0B5026082A06426C004E3671 /* Helpers */ = {
			isa = PBXGroup;
			children = (
				0B5026092A064276004E3671 /* Resources */,
				9354B4DC2A0ABB4A0095F1CD /* Color+AppScheme.swift */,
				9363F2DA2A0D44F20067647F /* Image+AppImage.swift */,
			);
			path = Helpers;
			sourceTree = "<group>";
		};
		0B5026092A064276004E3671 /* Resources */ = {
			isa = PBXGroup;
			children = (
				0B5025DF2A063F06004E3671 /* Preview Content */,
				0B5025DD2A063F06004E3671 /* Assets.xcassets */,
			);
			path = Resources;
			sourceTree = "<group>";
		};
		93E238932A0B7EE600B58D0E /* Helpers */ = {
			isa = PBXGroup;
			children = (
				9354B4DE2A0ABDDA0095F1CD /* Color+AppSchemeTests.swift */,
				9363F2DC2A0D67DD0067647F /* Image+AppImageTests.swift */,
			);
			path = Helpers;
			sourceTree = "<group>";
		};
		BF6918D62A14B7FC00A5DF33 /* SleepSetupView */ = {
			isa = PBXGroup;
			children = (
				BF6918D72A14B80800A5DF33 /* HelpersView */,
				BF77C2782A0A78F500BB6656 /* SleepSetupView.swift */,
			);
			path = SleepSetupView;
			sourceTree = "<group>";
		};
		BF6918D72A14B80800A5DF33 /* HelpersView */ = {
			isa = PBXGroup;
			children = (
				BF6918DD2A14B88800A5DF33 /* AlarmButton.swift */,
				BF6918DF2A14C20B00A5DF33 /* SleepTimePicker.swift */,
			);
			path = HelpersView;
			sourceTree = "<group>";
		};
		BF77C2772A0A78CC00BB6656 /* SleepPageView */ = {
			isa = PBXGroup;
			children = (
				BF6918D62A14B7FC00A5DF33 /* SleepSetupView */,
			);
			path = SleepPageView;
			sourceTree = "<group>";
		};
/* End PBXGroup section */

/* Begin PBXNativeTarget section */
		0B5025D52A063EFF004E3671 /* Sleep Tracker */ = {
			isa = PBXNativeTarget;
			buildConfigurationList = 0B5025FA2A063F07004E3671 /* Build configuration list for PBXNativeTarget "Sleep Tracker" */;
			buildPhases = (
				0B5025D22A063EFF004E3671 /* Sources */,
				0B5025D32A063EFF004E3671 /* Frameworks */,
				0B5025D42A063EFF004E3671 /* Resources */,
				0B5026032A06408E004E3671 /* SwiftFormat Script */,
				0B5026042A0640F6004E3671 /* SwiftLint Script */,
			);
			buildRules = (
			);
			dependencies = (
			);
			name = "Sleep Tracker";
			productName = "Sleep Tracker";
			productReference = 0B5025D62A063EFF004E3671 /* Sleep Tracker.app */;
			productType = "com.apple.product-type.application";
		};
		0B5025E52A063F06004E3671 /* Sleep TrackerTests */ = {
			isa = PBXNativeTarget;
			buildConfigurationList = 0B5025FD2A063F07004E3671 /* Build configuration list for PBXNativeTarget "Sleep TrackerTests" */;
			buildPhases = (
				0B5025E22A063F06004E3671 /* Sources */,
				0B5025E32A063F06004E3671 /* Frameworks */,
				0B5025E42A063F06004E3671 /* Resources */,
			);
			buildRules = (
			);
			dependencies = (
				0B5025E82A063F06004E3671 /* PBXTargetDependency */,
			);
			name = "Sleep TrackerTests";
			productName = "Sleep TrackerTests";
			productReference = 0B5025E62A063F06004E3671 /* Sleep TrackerTests.xctest */;
			productType = "com.apple.product-type.bundle.unit-test";
		};
		0B5025EF2A063F07004E3671 /* Sleep TrackerUITests */ = {
			isa = PBXNativeTarget;
			buildConfigurationList = 0B5026002A063F07004E3671 /* Build configuration list for PBXNativeTarget "Sleep TrackerUITests" */;
			buildPhases = (
				0B5025EC2A063F07004E3671 /* Sources */,
				0B5025ED2A063F07004E3671 /* Frameworks */,
				0B5025EE2A063F07004E3671 /* Resources */,
			);
			buildRules = (
			);
			dependencies = (
				0B5025F22A063F07004E3671 /* PBXTargetDependency */,
			);
			name = "Sleep TrackerUITests";
			productName = "Sleep TrackerUITests";
			productReference = 0B5025F02A063F07004E3671 /* Sleep TrackerUITests.xctest */;
			productType = "com.apple.product-type.bundle.ui-testing";
		};
/* End PBXNativeTarget section */

/* Begin PBXProject section */
		0B5025CE2A063EFF004E3671 /* Project object */ = {
			isa = PBXProject;
			attributes = {
				BuildIndependentTargetsInParallel = 1;
				LastSwiftUpdateCheck = 1430;
				LastUpgradeCheck = 1430;
				TargetAttributes = {
					0B5025D52A063EFF004E3671 = {
						CreatedOnToolsVersion = 14.3;
					};
					0B5025E52A063F06004E3671 = {
						CreatedOnToolsVersion = 14.3;
						TestTargetID = 0B5025D52A063EFF004E3671;
					};
					0B5025EF2A063F07004E3671 = {
						CreatedOnToolsVersion = 14.3;
						TestTargetID = 0B5025D52A063EFF004E3671;
					};
				};
			};
			buildConfigurationList = 0B5025D12A063EFF004E3671 /* Build configuration list for PBXProject "Sleep Tracker" */;
			compatibilityVersion = "Xcode 14.0";
			developmentRegion = en;
			hasScannedForEncodings = 0;
			knownRegions = (
				en,
				Base,
			);
			mainGroup = 0B5025CD2A063EFF004E3671;
			productRefGroup = 0B5025D72A063EFF004E3671 /* Products */;
			projectDirPath = "";
			projectRoot = "";
			targets = (
				0B5025D52A063EFF004E3671 /* Sleep Tracker */,
				0B5025E52A063F06004E3671 /* Sleep TrackerTests */,
				0B5025EF2A063F07004E3671 /* Sleep TrackerUITests */,
			);
		};
/* End PBXProject section */

/* Begin PBXResourcesBuildPhase section */
		0B5025D42A063EFF004E3671 /* Resources */ = {
			isa = PBXResourcesBuildPhase;
			buildActionMask = 2147483647;
			files = (
				0B5025E12A063F06004E3671 /* Preview Assets.xcassets in Resources */,
				0B5025DE2A063F06004E3671 /* Assets.xcassets in Resources */,
			);
			runOnlyForDeploymentPostprocessing = 0;
		};
		0B5025E42A063F06004E3671 /* Resources */ = {
			isa = PBXResourcesBuildPhase;
			buildActionMask = 2147483647;
			files = (
			);
			runOnlyForDeploymentPostprocessing = 0;
		};
		0B5025EE2A063F07004E3671 /* Resources */ = {
			isa = PBXResourcesBuildPhase;
			buildActionMask = 2147483647;
			files = (
			);
			runOnlyForDeploymentPostprocessing = 0;
		};
/* End PBXResourcesBuildPhase section */

/* Begin PBXShellScriptBuildPhase section */
		0B5026032A06408E004E3671 /* SwiftFormat Script */ = {
			isa = PBXShellScriptBuildPhase;
			alwaysOutOfDate = 1;
			buildActionMask = 2147483647;
			files = (
			);
			inputFileListPaths = (
			);
			inputPaths = (
			);
			name = "SwiftFormat Script";
			outputFileListPaths = (
			);
			outputPaths = (
			);
			runOnlyForDeploymentPostprocessing = 0;
			shellPath = /bin/sh;
			shellScript = "if which swiftformat >/dev/null; then\n  swiftformat .\nelse\n  echo \"warning: SwiftFormat not installed, download from https://github.com/nicklockwood/SwiftFormat\"\nfi\n";
		};
		0B5026042A0640F6004E3671 /* SwiftLint Script */ = {
			isa = PBXShellScriptBuildPhase;
			alwaysOutOfDate = 1;
			buildActionMask = 2147483647;
			files = (
			);
			inputFileListPaths = (
			);
			inputPaths = (
			);
			name = "SwiftLint Script";
			outputFileListPaths = (
			);
			outputPaths = (
			);
			runOnlyForDeploymentPostprocessing = 0;
			shellPath = /bin/sh;
			shellScript = "if [[ \"$(uname -m)\" == arm64 ]]; then\n    export PATH=\"/opt/homebrew/bin:$PATH\"\nfi\n\nif which swiftlint > /dev/null; then\n  swiftlint --config ../.swiftlint.yml\nelse\n  echo \"warning: SwiftLint not installed, download from https://github.com/realm/SwiftLint\"\nfi\n";
		};
/* End PBXShellScriptBuildPhase section */

/* Begin PBXSourcesBuildPhase section */
		0B5025D22A063EFF004E3671 /* Sources */ = {
			isa = PBXSourcesBuildPhase;
			buildActionMask = 2147483647;
			files = (
				9354B4DD2A0ABB4A0095F1CD /* Color+AppScheme.swift in Sources */,
				9363F2DB2A0D44F20067647F /* Image+AppImage.swift in Sources */,
				BF6918DE2A14B88800A5DF33 /* AlarmButton.swift in Sources */,
				BF77C2792A0A78F500BB6656 /* SleepSetupView.swift in Sources */,
				0B5025DC2A063F00004E3671 /* ContentView.swift in Sources */,
				BF6918E02A14C20B00A5DF33 /* SleepTimePicker.swift in Sources */,
				0B5025DA2A063EFF004E3671 /* SleepTrackerApp.swift in Sources */,
			);
			runOnlyForDeploymentPostprocessing = 0;
		};
		0B5025E22A063F06004E3671 /* Sources */ = {
			isa = PBXSourcesBuildPhase;
			buildActionMask = 2147483647;
			files = (
				0B5025EB2A063F07004E3671 /* Sleep_TrackerTests.swift in Sources */,
			);
			runOnlyForDeploymentPostprocessing = 0;
		};
		0B5025EC2A063F07004E3671 /* Sources */ = {
			isa = PBXSourcesBuildPhase;
			buildActionMask = 2147483647;
			files = (
				9354B4E02A0ABF310095F1CD /* Color+AppScheme.swift in Sources */,
				9363F2DE2A0D67F10067647F /* Image+AppImage.swift in Sources */,
				9354B4DF2A0ABDDA0095F1CD /* Color+AppSchemeTests.swift in Sources */,
				9363F2DD2A0D67DD0067647F /* Image+AppImageTests.swift in Sources */,
				0B5025F52A063F07004E3671 /* Sleep_TrackerUITests.swift in Sources */,
				0B5025F72A063F07004E3671 /* Sleep_TrackerUITestsLaunchTests.swift in Sources */,
			);
			runOnlyForDeploymentPostprocessing = 0;
		};
/* End PBXSourcesBuildPhase section */

/* Begin PBXTargetDependency section */
		0B5025E82A063F06004E3671 /* PBXTargetDependency */ = {
			isa = PBXTargetDependency;
			target = 0B5025D52A063EFF004E3671 /* Sleep Tracker */;
			targetProxy = 0B5025E72A063F06004E3671 /* PBXContainerItemProxy */;
		};
		0B5025F22A063F07004E3671 /* PBXTargetDependency */ = {
			isa = PBXTargetDependency;
			target = 0B5025D52A063EFF004E3671 /* Sleep Tracker */;
			targetProxy = 0B5025F12A063F07004E3671 /* PBXContainerItemProxy */;
		};
/* End PBXTargetDependency section */

/* Begin XCBuildConfiguration section */
		0B5025F82A063F07004E3671 /* Debug */ = {
			isa = XCBuildConfiguration;
			buildSettings = {
				ALWAYS_SEARCH_USER_PATHS = NO;
				CLANG_ANALYZER_NONNULL = YES;
				CLANG_ANALYZER_NUMBER_OBJECT_CONVERSION = YES_AGGRESSIVE;
				CLANG_CXX_LANGUAGE_STANDARD = "gnu++20";
				CLANG_ENABLE_MODULES = YES;
				CLANG_ENABLE_OBJC_ARC = YES;
				CLANG_ENABLE_OBJC_WEAK = YES;
				CLANG_WARN_BLOCK_CAPTURE_AUTORELEASING = YES;
				CLANG_WARN_BOOL_CONVERSION = YES;
				CLANG_WARN_COMMA = YES;
				CLANG_WARN_CONSTANT_CONVERSION = YES;
				CLANG_WARN_DEPRECATED_OBJC_IMPLEMENTATIONS = YES;
				CLANG_WARN_DIRECT_OBJC_ISA_USAGE = YES_ERROR;
				CLANG_WARN_DOCUMENTATION_COMMENTS = YES;
				CLANG_WARN_EMPTY_BODY = YES;
				CLANG_WARN_ENUM_CONVERSION = YES;
				CLANG_WARN_INFINITE_RECURSION = YES;
				CLANG_WARN_INT_CONVERSION = YES;
				CLANG_WARN_NON_LITERAL_NULL_CONVERSION = YES;
				CLANG_WARN_OBJC_IMPLICIT_RETAIN_SELF = YES;
				CLANG_WARN_OBJC_LITERAL_CONVERSION = YES;
				CLANG_WARN_OBJC_ROOT_CLASS = YES_ERROR;
				CLANG_WARN_QUOTED_INCLUDE_IN_FRAMEWORK_HEADER = YES;
				CLANG_WARN_RANGE_LOOP_ANALYSIS = YES;
				CLANG_WARN_STRICT_PROTOTYPES = YES;
				CLANG_WARN_SUSPICIOUS_MOVE = YES;
				CLANG_WARN_UNGUARDED_AVAILABILITY = YES_AGGRESSIVE;
				CLANG_WARN_UNREACHABLE_CODE = YES;
				CLANG_WARN__DUPLICATE_METHOD_MATCH = YES;
				COPY_PHASE_STRIP = NO;
				CURRENT_PROJECT_VERSION = 0.0.0;
				DEBUG_INFORMATION_FORMAT = dwarf;
				ENABLE_STRICT_OBJC_MSGSEND = YES;
				ENABLE_TESTABILITY = YES;
				GCC_C_LANGUAGE_STANDARD = gnu11;
				GCC_DYNAMIC_NO_PIC = NO;
				GCC_NO_COMMON_BLOCKS = YES;
				GCC_OPTIMIZATION_LEVEL = 0;
				GCC_PREPROCESSOR_DEFINITIONS = (
					"DEBUG=1",
					"$(inherited)",
				);
				GCC_WARN_64_TO_32_BIT_CONVERSION = YES;
				GCC_WARN_ABOUT_RETURN_TYPE = YES_ERROR;
				GCC_WARN_UNDECLARED_SELECTOR = YES;
				GCC_WARN_UNINITIALIZED_AUTOS = YES_AGGRESSIVE;
				GCC_WARN_UNUSED_FUNCTION = YES;
				GCC_WARN_UNUSED_VARIABLE = YES;
				INFOPLIST_KEY_LSApplicationCategoryType = "public.app-category.healthcare-fitness";
				IPHONEOS_DEPLOYMENT_TARGET = 16.0;
				MARKETING_VERSION = 0.0.0;
				MTL_ENABLE_DEBUG_INFO = INCLUDE_SOURCE;
				MTL_FAST_MATH = YES;
				ONLY_ACTIVE_ARCH = YES;
				SDKROOT = iphoneos;
				SWIFT_ACTIVE_COMPILATION_CONDITIONS = DEBUG;
				SWIFT_OPTIMIZATION_LEVEL = "-Onone";
			};
			name = Debug;
		};
		0B5025F92A063F07004E3671 /* Release */ = {
			isa = XCBuildConfiguration;
			buildSettings = {
				ALWAYS_SEARCH_USER_PATHS = NO;
				CLANG_ANALYZER_NONNULL = YES;
				CLANG_ANALYZER_NUMBER_OBJECT_CONVERSION = YES_AGGRESSIVE;
				CLANG_CXX_LANGUAGE_STANDARD = "gnu++20";
				CLANG_ENABLE_MODULES = YES;
				CLANG_ENABLE_OBJC_ARC = YES;
				CLANG_ENABLE_OBJC_WEAK = YES;
				CLANG_WARN_BLOCK_CAPTURE_AUTORELEASING = YES;
				CLANG_WARN_BOOL_CONVERSION = YES;
				CLANG_WARN_COMMA = YES;
				CLANG_WARN_CONSTANT_CONVERSION = YES;
				CLANG_WARN_DEPRECATED_OBJC_IMPLEMENTATIONS = YES;
				CLANG_WARN_DIRECT_OBJC_ISA_USAGE = YES_ERROR;
				CLANG_WARN_DOCUMENTATION_COMMENTS = YES;
				CLANG_WARN_EMPTY_BODY = YES;
				CLANG_WARN_ENUM_CONVERSION = YES;
				CLANG_WARN_INFINITE_RECURSION = YES;
				CLANG_WARN_INT_CONVERSION = YES;
				CLANG_WARN_NON_LITERAL_NULL_CONVERSION = YES;
				CLANG_WARN_OBJC_IMPLICIT_RETAIN_SELF = YES;
				CLANG_WARN_OBJC_LITERAL_CONVERSION = YES;
				CLANG_WARN_OBJC_ROOT_CLASS = YES_ERROR;
				CLANG_WARN_QUOTED_INCLUDE_IN_FRAMEWORK_HEADER = YES;
				CLANG_WARN_RANGE_LOOP_ANALYSIS = YES;
				CLANG_WARN_STRICT_PROTOTYPES = YES;
				CLANG_WARN_SUSPICIOUS_MOVE = YES;
				CLANG_WARN_UNGUARDED_AVAILABILITY = YES_AGGRESSIVE;
				CLANG_WARN_UNREACHABLE_CODE = YES;
				CLANG_WARN__DUPLICATE_METHOD_MATCH = YES;
				COPY_PHASE_STRIP = NO;
				CURRENT_PROJECT_VERSION = 0.0.0;
				DEBUG_INFORMATION_FORMAT = "dwarf-with-dsym";
				ENABLE_NS_ASSERTIONS = NO;
				ENABLE_STRICT_OBJC_MSGSEND = YES;
				GCC_C_LANGUAGE_STANDARD = gnu11;
				GCC_NO_COMMON_BLOCKS = YES;
				GCC_WARN_64_TO_32_BIT_CONVERSION = YES;
				GCC_WARN_ABOUT_RETURN_TYPE = YES_ERROR;
				GCC_WARN_UNDECLARED_SELECTOR = YES;
				GCC_WARN_UNINITIALIZED_AUTOS = YES_AGGRESSIVE;
				GCC_WARN_UNUSED_FUNCTION = YES;
				GCC_WARN_UNUSED_VARIABLE = YES;
				INFOPLIST_KEY_LSApplicationCategoryType = "public.app-category.healthcare-fitness";
				IPHONEOS_DEPLOYMENT_TARGET = 16.0;
				MARKETING_VERSION = 0.0.0;
				MTL_ENABLE_DEBUG_INFO = NO;
				MTL_FAST_MATH = YES;
				SDKROOT = iphoneos;
				SWIFT_COMPILATION_MODE = wholemodule;
				SWIFT_OPTIMIZATION_LEVEL = "-O";
				VALIDATE_PRODUCT = YES;
			};
			name = Release;
		};
		0B5025FB2A063F07004E3671 /* Debug */ = {
			isa = XCBuildConfiguration;
			buildSettings = {
				ASSETCATALOG_COMPILER_APPICON_NAME = AppIcon;
				ASSETCATALOG_COMPILER_GLOBAL_ACCENT_COLOR_NAME = AccentColor;
				CODE_SIGN_STYLE = Automatic;
				CURRENT_PROJECT_VERSION = 0.0.0;
				DEVELOPMENT_ASSET_PATHS = "\"Sleep Tracker/Helpers/Resources/Preview Content\"";
				ENABLE_PREVIEWS = YES;
				GENERATE_INFOPLIST_FILE = YES;
				INFOPLIST_KEY_UIApplicationSceneManifest_Generation = YES;
				INFOPLIST_KEY_UIApplicationSupportsIndirectInputEvents = YES;
				INFOPLIST_KEY_UILaunchScreen_Generation = YES;
				INFOPLIST_KEY_UISupportedInterfaceOrientations = UIInterfaceOrientationPortrait;
				LD_RUNPATH_SEARCH_PATHS = (
					"$(inherited)",
					"@executable_path/Frameworks",
				);
				MARKETING_VERSION = 0.0.0;
				PRODUCT_BUNDLE_IDENTIFIER = "com.swiftcowboys.ios.sleeptracker.Sleep-Tracker";
				PRODUCT_NAME = "$(TARGET_NAME)";
				SUPPORTED_PLATFORMS = "iphoneos iphonesimulator";
				SUPPORTS_MACCATALYST = NO;
				SUPPORTS_MAC_DESIGNED_FOR_IPHONE_IPAD = NO;
				SWIFT_EMIT_LOC_STRINGS = YES;
				SWIFT_VERSION = 5.0;
				TARGETED_DEVICE_FAMILY = 1;
			};
			name = Debug;
		};
		0B5025FC2A063F07004E3671 /* Release */ = {
			isa = XCBuildConfiguration;
			buildSettings = {
				ASSETCATALOG_COMPILER_APPICON_NAME = AppIcon;
				ASSETCATALOG_COMPILER_GLOBAL_ACCENT_COLOR_NAME = AccentColor;
				CODE_SIGN_STYLE = Automatic;
				CURRENT_PROJECT_VERSION = 0.0.0;
				DEVELOPMENT_ASSET_PATHS = "\"Sleep Tracker/Helpers/Resources/Preview Content\"";
				ENABLE_PREVIEWS = YES;
				GENERATE_INFOPLIST_FILE = YES;
				INFOPLIST_KEY_UIApplicationSceneManifest_Generation = YES;
				INFOPLIST_KEY_UIApplicationSupportsIndirectInputEvents = YES;
				INFOPLIST_KEY_UILaunchScreen_Generation = YES;
				INFOPLIST_KEY_UISupportedInterfaceOrientations = UIInterfaceOrientationPortrait;
				LD_RUNPATH_SEARCH_PATHS = (
					"$(inherited)",
					"@executable_path/Frameworks",
				);
				MARKETING_VERSION = 0.0.0;
				PRODUCT_BUNDLE_IDENTIFIER = "com.swiftcowboys.ios.sleeptracker.Sleep-Tracker";
				PRODUCT_NAME = "$(TARGET_NAME)";
				SUPPORTED_PLATFORMS = "iphoneos iphonesimulator";
				SUPPORTS_MACCATALYST = NO;
				SUPPORTS_MAC_DESIGNED_FOR_IPHONE_IPAD = NO;
				SWIFT_EMIT_LOC_STRINGS = YES;
				SWIFT_VERSION = 5.0;
				TARGETED_DEVICE_FAMILY = 1;
			};
			name = Release;
		};
		0B5025FE2A063F07004E3671 /* Debug */ = {
			isa = XCBuildConfiguration;
			buildSettings = {
				ALWAYS_EMBED_SWIFT_STANDARD_LIBRARIES = YES;
				BUNDLE_LOADER = "$(TEST_HOST)";
				CODE_SIGN_STYLE = Automatic;
				CURRENT_PROJECT_VERSION = 0.0.0;
				GENERATE_INFOPLIST_FILE = YES;
				INFOPLIST_KEY_LSApplicationCategoryType = "public.app-category.healthcare-fitness";
				IPHONEOS_DEPLOYMENT_TARGET = 16.0;
				MARKETING_VERSION = 0.0.0;
				PRODUCT_BUNDLE_IDENTIFIER = "com.swiftcowboys.ios.sleeptracker.Sleep-TrackerTests";
				PRODUCT_NAME = "$(TARGET_NAME)";
				SUPPORTED_PLATFORMS = "iphoneos iphonesimulator";
				SUPPORTS_MACCATALYST = NO;
				SUPPORTS_MAC_DESIGNED_FOR_IPHONE_IPAD = NO;
				SWIFT_EMIT_LOC_STRINGS = NO;
				SWIFT_VERSION = 5.0;
				TARGETED_DEVICE_FAMILY = 1;
				TEST_HOST = "$(BUILT_PRODUCTS_DIR)/Sleep Tracker.app/$(BUNDLE_EXECUTABLE_FOLDER_PATH)/Sleep Tracker";
			};
			name = Debug;
		};
		0B5025FF2A063F07004E3671 /* Release */ = {
			isa = XCBuildConfiguration;
			buildSettings = {
				ALWAYS_EMBED_SWIFT_STANDARD_LIBRARIES = YES;
				BUNDLE_LOADER = "$(TEST_HOST)";
				CODE_SIGN_STYLE = Automatic;
				CURRENT_PROJECT_VERSION = 0.0.0;
				GENERATE_INFOPLIST_FILE = YES;
				INFOPLIST_KEY_LSApplicationCategoryType = "public.app-category.healthcare-fitness";
				IPHONEOS_DEPLOYMENT_TARGET = 16.0;
				MARKETING_VERSION = 0.0.0;
				PRODUCT_BUNDLE_IDENTIFIER = "com.swiftcowboys.ios.sleeptracker.Sleep-TrackerTests";
				PRODUCT_NAME = "$(TARGET_NAME)";
				SUPPORTED_PLATFORMS = "iphoneos iphonesimulator";
				SUPPORTS_MACCATALYST = NO;
				SUPPORTS_MAC_DESIGNED_FOR_IPHONE_IPAD = NO;
				SWIFT_EMIT_LOC_STRINGS = NO;
				SWIFT_VERSION = 5.0;
				TARGETED_DEVICE_FAMILY = 1;
				TEST_HOST = "$(BUILT_PRODUCTS_DIR)/Sleep Tracker.app/$(BUNDLE_EXECUTABLE_FOLDER_PATH)/Sleep Tracker";
			};
			name = Release;
		};
		0B5026012A063F07004E3671 /* Debug */ = {
			isa = XCBuildConfiguration;
			buildSettings = {
				ALWAYS_EMBED_SWIFT_STANDARD_LIBRARIES = YES;
				CODE_SIGN_STYLE = Automatic;
				CURRENT_PROJECT_VERSION = 0.0.0;
				GENERATE_INFOPLIST_FILE = YES;
				MARKETING_VERSION = 0.0.0;
				PRODUCT_BUNDLE_IDENTIFIER = "com.swiftcowboys.ios.sleeptracker.Sleep-TrackerUITests";
				PRODUCT_NAME = "$(TARGET_NAME)";
				SUPPORTED_PLATFORMS = "iphoneos iphonesimulator";
				SUPPORTS_MACCATALYST = NO;
				SUPPORTS_MAC_DESIGNED_FOR_IPHONE_IPAD = NO;
				SWIFT_EMIT_LOC_STRINGS = NO;
				SWIFT_VERSION = 5.0;
				TARGETED_DEVICE_FAMILY = 1;
				TEST_TARGET_NAME = "Sleep Tracker";
			};
			name = Debug;
		};
		0B5026022A063F07004E3671 /* Release */ = {
			isa = XCBuildConfiguration;
			buildSettings = {
				ALWAYS_EMBED_SWIFT_STANDARD_LIBRARIES = YES;
				CODE_SIGN_STYLE = Automatic;
				CURRENT_PROJECT_VERSION = 0.0.0;
				GENERATE_INFOPLIST_FILE = YES;
				MARKETING_VERSION = 0.0.0;
				PRODUCT_BUNDLE_IDENTIFIER = "com.swiftcowboys.ios.sleeptracker.Sleep-TrackerUITests";
				PRODUCT_NAME = "$(TARGET_NAME)";
				SUPPORTED_PLATFORMS = "iphoneos iphonesimulator";
				SUPPORTS_MACCATALYST = NO;
				SUPPORTS_MAC_DESIGNED_FOR_IPHONE_IPAD = NO;
				SWIFT_EMIT_LOC_STRINGS = NO;
				SWIFT_VERSION = 5.0;
				TARGETED_DEVICE_FAMILY = 1;
				TEST_TARGET_NAME = "Sleep Tracker";
			};
			name = Release;
		};
/* End XCBuildConfiguration section */

/* Begin XCConfigurationList section */
		0B5025D12A063EFF004E3671 /* Build configuration list for PBXProject "Sleep Tracker" */ = {
			isa = XCConfigurationList;
			buildConfigurations = (
				0B5025F82A063F07004E3671 /* Debug */,
				0B5025F92A063F07004E3671 /* Release */,
			);
			defaultConfigurationIsVisible = 0;
			defaultConfigurationName = Release;
		};
		0B5025FA2A063F07004E3671 /* Build configuration list for PBXNativeTarget "Sleep Tracker" */ = {
			isa = XCConfigurationList;
			buildConfigurations = (
				0B5025FB2A063F07004E3671 /* Debug */,
				0B5025FC2A063F07004E3671 /* Release */,
			);
			defaultConfigurationIsVisible = 0;
			defaultConfigurationName = Release;
		};
		0B5025FD2A063F07004E3671 /* Build configuration list for PBXNativeTarget "Sleep TrackerTests" */ = {
			isa = XCConfigurationList;
			buildConfigurations = (
				0B5025FE2A063F07004E3671 /* Debug */,
				0B5025FF2A063F07004E3671 /* Release */,
			);
			defaultConfigurationIsVisible = 0;
			defaultConfigurationName = Release;
		};
		0B5026002A063F07004E3671 /* Build configuration list for PBXNativeTarget "Sleep TrackerUITests" */ = {
			isa = XCConfigurationList;
			buildConfigurations = (
				0B5026012A063F07004E3671 /* Debug */,
				0B5026022A063F07004E3671 /* Release */,
			);
			defaultConfigurationIsVisible = 0;
			defaultConfigurationName = Release;
		};
/* End XCConfigurationList section */
	};
	rootObject = 0B5025CE2A063EFF004E3671 /* Project object */;
}
