// !$*UTF8*$!
{
	archiveVersion = 1;
	classes = {
	};
	objectVersion = 56;
	objects = {

/* Begin PBXBuildFile section */
		0B5025DA2A063EFF004E3671 /* SleepTrackerApp.swift in Sources */ = {isa = PBXBuildFile; fileRef = 0B5025D92A063EFF004E3671 /* SleepTrackerApp.swift */; };
		0B5025DE2A063F06004E3671 /* Assets.xcassets in Resources */ = {isa = PBXBuildFile; fileRef = 0B5025DD2A063F06004E3671 /* Assets.xcassets */; };
		0B5025E12A063F06004E3671 /* Preview Assets.xcassets in Resources */ = {isa = PBXBuildFile; fileRef = 0B5025E02A063F06004E3671 /* Preview Assets.xcassets */; };
		1CB25E382A20EFFF00510E2B /* Color+AppSchemeTests.swift in Sources */ = {isa = PBXBuildFile; fileRef = 9354B4DE2A0ABDDA0095F1CD /* Color+AppSchemeTests.swift */; };
		1CB25E392A20F00100510E2B /* Image+AppImageTests.swift in Sources */ = {isa = PBXBuildFile; fileRef = 9363F2DC2A0D67DD0067647F /* Image+AppImageTests.swift */; };
		1CB25E3A2A20F01200510E2B /* Color+AppScheme.swift in Sources */ = {isa = PBXBuildFile; fileRef = 9354B4DC2A0ABB4A0095F1CD /* Color+AppScheme.swift */; };
		1CB25E3B2A20F01500510E2B /* Image+AppImage.swift in Sources */ = {isa = PBXBuildFile; fileRef = 9363F2DA2A0D44F20067647F /* Image+AppImage.swift */; };
		1CB25E3F2A20F35000510E2B /* UserDefaults+SharedAppPreferencesTests.swift in Sources */ = {isa = PBXBuildFile; fileRef = 1CB25E3E2A20F35000510E2B /* UserDefaults+SharedAppPreferencesTests.swift */; };
		1CB25E402A20F3D800510E2B /* UserDefaults+SharedAppPreferences.swift in Sources */ = {isa = PBXBuildFile; fileRef = 1CB25E3C2A20F2A600510E2B /* UserDefaults+SharedAppPreferences.swift */; };
		1CD503B82A26806B00B8141A /* SleepPageViewModelTests.swift in Sources */ = {isa = PBXBuildFile; fileRef = 1CD503B72A26806B00B8141A /* SleepPageViewModelTests.swift */; };
		1CD503B92A26808A00B8141A /* SleepPageViewModel.swift in Sources */ = {isa = PBXBuildFile; fileRef = 1CE7E9DD2A263EDD000A0509 /* SleepPageViewModel.swift */; };
		1CE7E9CF2A25CF1B000A0509 /* UserDefaults+DeleteDataForAllTestKeys.swift in Sources */ = {isa = PBXBuildFile; fileRef = 1CE7E9CE2A25CF1B000A0509 /* UserDefaults+DeleteDataForAllTestKeys.swift */; };
		1CE7E9D12A25CF48000A0509 /* UserDefaults+TestKey.swift in Sources */ = {isa = PBXBuildFile; fileRef = 1CE7E9D02A25CF48000A0509 /* UserDefaults+TestKey.swift */; };
		1CE7E9D32A25D499000A0509 /* Date+ShortComponentsTests.swift in Sources */ = {isa = PBXBuildFile; fileRef = 1CE7E9D22A25D499000A0509 /* Date+ShortComponentsTests.swift */; };
		1CE7E9D52A25D4EE000A0509 /* Date+ShortComponents.swift in Sources */ = {isa = PBXBuildFile; fileRef = 1CE7E9D42A25D4EE000A0509 /* Date+ShortComponents.swift */; };
		1CE7E9D62A25D5C6000A0509 /* Date+ShortComponents.swift in Sources */ = {isa = PBXBuildFile; fileRef = 1CE7E9D42A25D4EE000A0509 /* Date+ShortComponents.swift */; };
		1CE7E9D82A263530000A0509 /* Date+CurrentTimeZone.swift in Sources */ = {isa = PBXBuildFile; fileRef = 1CE7E9D72A263530000A0509 /* Date+CurrentTimeZone.swift */; };
		1CE7E9DC2A263E41000A0509 /* SleepPageView.swift in Sources */ = {isa = PBXBuildFile; fileRef = 1CE7E9DB2A263E41000A0509 /* SleepPageView.swift */; };
		1CE7E9DE2A263EDD000A0509 /* SleepPageViewModel.swift in Sources */ = {isa = PBXBuildFile; fileRef = 1CE7E9DD2A263EDD000A0509 /* SleepPageViewModel.swift */; };
		1CE7E9DF2A263F03000A0509 /* UserDefaults+SharedAppPreferences.swift in Sources */ = {isa = PBXBuildFile; fileRef = 1CB25E3C2A20F2A600510E2B /* UserDefaults+SharedAppPreferences.swift */; };
		74B5086A2A0AC98C00B12BE0 /* DuringSleepView.swift in Sources */ = {isa = PBXBuildFile; fileRef = 74B508692A0AC98C00B12BE0 /* DuringSleepView.swift */; };
		933ABC102A13779F00D4A485 /* RoundedRectangleBlue.swift in Sources */ = {isa = PBXBuildFile; fileRef = 933ABC0F2A13779F00D4A485 /* RoundedRectangleBlue.swift */; };
		93513C0D2A17BBDC001B549A /* CGFloat+AppFontSize.swift in Sources */ = {isa = PBXBuildFile; fileRef = 93513C0C2A17BBDC001B549A /* CGFloat+AppFontSize.swift */; };
		93513C0F2A17BCAC001B549A /* AppUIConstant.swift in Sources */ = {isa = PBXBuildFile; fileRef = 93513C0E2A17BCAC001B549A /* AppUIConstant.swift */; };
		93513C112A17BD4E001B549A /* CGFloat+AppFontSizeTests.swift in Sources */ = {isa = PBXBuildFile; fileRef = 93513C102A17BD4E001B549A /* CGFloat+AppFontSizeTests.swift */; };
		93513C122A17D0B1001B549A /* CGFloat+AppFontSize.swift in Sources */ = {isa = PBXBuildFile; fileRef = 93513C0C2A17BBDC001B549A /* CGFloat+AppFontSize.swift */; };
		93513C142A17DC17001B549A /* AppUIConstantTests.swift in Sources */ = {isa = PBXBuildFile; fileRef = 93513C132A17DC17001B549A /* AppUIConstantTests.swift */; };
		93513C152A17DD52001B549A /* AppUIConstant.swift in Sources */ = {isa = PBXBuildFile; fileRef = 93513C0E2A17BCAC001B549A /* AppUIConstant.swift */; };
		9354B4DD2A0ABB4A0095F1CD /* Color+AppScheme.swift in Sources */ = {isa = PBXBuildFile; fileRef = 9354B4DC2A0ABB4A0095F1CD /* Color+AppScheme.swift */; };
		9363F2DB2A0D44F20067647F /* Image+AppImage.swift in Sources */ = {isa = PBXBuildFile; fileRef = 9363F2DA2A0D44F20067647F /* Image+AppImage.swift */; };
		BF6918DE2A14B88800A5DF33 /* RoundedAlarmView.swift in Sources */ = {isa = PBXBuildFile; fileRef = BF6918DD2A14B88800A5DF33 /* RoundedAlarmView.swift */; };
		BF6918E02A14C20B00A5DF33 /* WheelTimePickerView.swift in Sources */ = {isa = PBXBuildFile; fileRef = BF6918DF2A14C20B00A5DF33 /* WheelTimePickerView.swift */; };
		BF6918E22A16865300A5DF33 /* NoAlarmLabelView.swift in Sources */ = {isa = PBXBuildFile; fileRef = BF6918E12A16865300A5DF33 /* NoAlarmLabelView.swift */; };
		BF6918E42A1690F500A5DF33 /* AlarmSetupView.swift in Sources */ = {isa = PBXBuildFile; fileRef = BF6918E32A1690F500A5DF33 /* AlarmSetupView.swift */; };
		BF6918E62A16968F00A5DF33 /* MultilineCenteredLabelView.swift in Sources */ = {isa = PBXBuildFile; fileRef = BF6918E52A16968F00A5DF33 /* MultilineCenteredLabelView.swift */; };
		BF7182772A2EF4070004E6CF /* ReportDetailsView.swift in Sources */ = {isa = PBXBuildFile; fileRef = BF7182762A2EF4070004E6CF /* ReportDetailsView.swift */; };
		BF71827B2A2F2CF90004E6CF /* NightSleepLabelView.swift in Sources */ = {isa = PBXBuildFile; fileRef = BF71827A2A2F2CF90004E6CF /* NightSleepLabelView.swift */; };
		BF71827D2A2F32DF0004E6CF /* ReportLabelView.swift in Sources */ = {isa = PBXBuildFile; fileRef = BF71827C2A2F32DF0004E6CF /* ReportLabelView.swift */; };
		BF77C2792A0A78F500BB6656 /* SleepSetupView.swift in Sources */ = {isa = PBXBuildFile; fileRef = BF77C2782A0A78F500BB6656 /* SleepSetupView.swift */; };
		BFF1DD8A2A2616100023D8FF /* RoundedCorner .swift in Sources */ = {isa = PBXBuildFile; fileRef = BFF1DD892A2616100023D8FF /* RoundedCorner .swift */; };
		BFF1DD8C2A261AA30023D8FF /* View+RoundedCorner.swift in Sources */ = {isa = PBXBuildFile; fileRef = BFF1DD8B2A261AA30023D8FF /* View+RoundedCorner.swift */; };
/* End PBXBuildFile section */

/* Begin PBXContainerItemProxy section */
		0B5025E72A063F06004E3671 /* PBXContainerItemProxy */ = {
			isa = PBXContainerItemProxy;
			containerPortal = 0B5025CE2A063EFF004E3671 /* Project object */;
			proxyType = 1;
			remoteGlobalIDString = 0B5025D52A063EFF004E3671;
			remoteInfo = SleepTracker;
		};
/* End PBXContainerItemProxy section */

/* Begin PBXFileReference section */
		0B5025D62A063EFF004E3671 /* SleepTracker.app */ = {isa = PBXFileReference; explicitFileType = wrapper.application; includeInIndex = 0; path = SleepTracker.app; sourceTree = BUILT_PRODUCTS_DIR; };
		0B5025D92A063EFF004E3671 /* SleepTrackerApp.swift */ = {isa = PBXFileReference; lastKnownFileType = sourcecode.swift; path = SleepTrackerApp.swift; sourceTree = "<group>"; };
		0B5025DD2A063F06004E3671 /* Assets.xcassets */ = {isa = PBXFileReference; lastKnownFileType = folder.assetcatalog; path = Assets.xcassets; sourceTree = "<group>"; };
		0B5025E02A063F06004E3671 /* Preview Assets.xcassets */ = {isa = PBXFileReference; lastKnownFileType = folder.assetcatalog; path = "Preview Assets.xcassets"; sourceTree = "<group>"; };
		0B5025E62A063F06004E3671 /* SleepTrackerTests.xctest */ = {isa = PBXFileReference; explicitFileType = wrapper.cfbundle; includeInIndex = 0; path = SleepTrackerTests.xctest; sourceTree = BUILT_PRODUCTS_DIR; };
		1CB25E3C2A20F2A600510E2B /* UserDefaults+SharedAppPreferences.swift */ = {isa = PBXFileReference; lastKnownFileType = sourcecode.swift; path = "UserDefaults+SharedAppPreferences.swift"; sourceTree = "<group>"; };
		1CB25E3E2A20F35000510E2B /* UserDefaults+SharedAppPreferencesTests.swift */ = {isa = PBXFileReference; lastKnownFileType = sourcecode.swift; path = "UserDefaults+SharedAppPreferencesTests.swift"; sourceTree = "<group>"; };
		1CD503B72A26806B00B8141A /* SleepPageViewModelTests.swift */ = {isa = PBXFileReference; lastKnownFileType = sourcecode.swift; path = SleepPageViewModelTests.swift; sourceTree = "<group>"; };
		1CE7E9CE2A25CF1B000A0509 /* UserDefaults+DeleteDataForAllTestKeys.swift */ = {isa = PBXFileReference; lastKnownFileType = sourcecode.swift; path = "UserDefaults+DeleteDataForAllTestKeys.swift"; sourceTree = "<group>"; };
		1CE7E9D02A25CF48000A0509 /* UserDefaults+TestKey.swift */ = {isa = PBXFileReference; lastKnownFileType = sourcecode.swift; path = "UserDefaults+TestKey.swift"; sourceTree = "<group>"; };
		1CE7E9D22A25D499000A0509 /* Date+ShortComponentsTests.swift */ = {isa = PBXFileReference; lastKnownFileType = sourcecode.swift; path = "Date+ShortComponentsTests.swift"; sourceTree = "<group>"; };
		1CE7E9D42A25D4EE000A0509 /* Date+ShortComponents.swift */ = {isa = PBXFileReference; lastKnownFileType = sourcecode.swift; path = "Date+ShortComponents.swift"; sourceTree = "<group>"; };
		1CE7E9D72A263530000A0509 /* Date+CurrentTimeZone.swift */ = {isa = PBXFileReference; lastKnownFileType = sourcecode.swift; path = "Date+CurrentTimeZone.swift"; sourceTree = "<group>"; };
		1CE7E9DB2A263E41000A0509 /* SleepPageView.swift */ = {isa = PBXFileReference; lastKnownFileType = sourcecode.swift; path = SleepPageView.swift; sourceTree = "<group>"; };
		1CE7E9DD2A263EDD000A0509 /* SleepPageViewModel.swift */ = {isa = PBXFileReference; lastKnownFileType = sourcecode.swift; path = SleepPageViewModel.swift; sourceTree = "<group>"; };
		74B508692A0AC98C00B12BE0 /* DuringSleepView.swift */ = {isa = PBXFileReference; lastKnownFileType = sourcecode.swift; path = DuringSleepView.swift; sourceTree = "<group>"; };
		933ABC0F2A13779F00D4A485 /* RoundedRectangleBlue.swift */ = {isa = PBXFileReference; lastKnownFileType = sourcecode.swift; path = RoundedRectangleBlue.swift; sourceTree = "<group>"; };
		93513C0C2A17BBDC001B549A /* CGFloat+AppFontSize.swift */ = {isa = PBXFileReference; lastKnownFileType = sourcecode.swift; path = "CGFloat+AppFontSize.swift"; sourceTree = "<group>"; };
		93513C0E2A17BCAC001B549A /* AppUIConstant.swift */ = {isa = PBXFileReference; lastKnownFileType = sourcecode.swift; path = AppUIConstant.swift; sourceTree = "<group>"; };
		93513C102A17BD4E001B549A /* CGFloat+AppFontSizeTests.swift */ = {isa = PBXFileReference; lastKnownFileType = sourcecode.swift; path = "CGFloat+AppFontSizeTests.swift"; sourceTree = "<group>"; };
		93513C132A17DC17001B549A /* AppUIConstantTests.swift */ = {isa = PBXFileReference; lastKnownFileType = sourcecode.swift; path = AppUIConstantTests.swift; sourceTree = "<group>"; };
		9354B4DC2A0ABB4A0095F1CD /* Color+AppScheme.swift */ = {isa = PBXFileReference; lastKnownFileType = sourcecode.swift; path = "Color+AppScheme.swift"; sourceTree = "<group>"; };
		9354B4DE2A0ABDDA0095F1CD /* Color+AppSchemeTests.swift */ = {isa = PBXFileReference; lastKnownFileType = sourcecode.swift; path = "Color+AppSchemeTests.swift"; sourceTree = "<group>"; };
		9363F2DA2A0D44F20067647F /* Image+AppImage.swift */ = {isa = PBXFileReference; lastKnownFileType = sourcecode.swift; path = "Image+AppImage.swift"; sourceTree = "<group>"; };
		9363F2DC2A0D67DD0067647F /* Image+AppImageTests.swift */ = {isa = PBXFileReference; lastKnownFileType = sourcecode.swift; path = "Image+AppImageTests.swift"; sourceTree = "<group>"; };
		BF6918DD2A14B88800A5DF33 /* RoundedAlarmView.swift */ = {isa = PBXFileReference; lastKnownFileType = sourcecode.swift; path = RoundedAlarmView.swift; sourceTree = "<group>"; };
		BF6918DF2A14C20B00A5DF33 /* WheelTimePickerView.swift */ = {isa = PBXFileReference; lastKnownFileType = sourcecode.swift; path = WheelTimePickerView.swift; sourceTree = "<group>"; };
		BF6918E12A16865300A5DF33 /* NoAlarmLabelView.swift */ = {isa = PBXFileReference; lastKnownFileType = sourcecode.swift; path = NoAlarmLabelView.swift; sourceTree = "<group>"; };
		BF6918E32A1690F500A5DF33 /* AlarmSetupView.swift */ = {isa = PBXFileReference; lastKnownFileType = sourcecode.swift; path = AlarmSetupView.swift; sourceTree = "<group>"; };
		BF6918E52A16968F00A5DF33 /* MultilineCenteredLabelView.swift */ = {isa = PBXFileReference; lastKnownFileType = sourcecode.swift; path = MultilineCenteredLabelView.swift; sourceTree = "<group>"; };
		BF7182762A2EF4070004E6CF /* ReportDetailsView.swift */ = {isa = PBXFileReference; lastKnownFileType = sourcecode.swift; path = ReportDetailsView.swift; sourceTree = "<group>"; };
		BF71827A2A2F2CF90004E6CF /* NightSleepLabelView.swift */ = {isa = PBXFileReference; lastKnownFileType = sourcecode.swift; path = NightSleepLabelView.swift; sourceTree = "<group>"; };
		BF71827C2A2F32DF0004E6CF /* ReportLabelView.swift */ = {isa = PBXFileReference; lastKnownFileType = sourcecode.swift; path = ReportLabelView.swift; sourceTree = "<group>"; };
		BF77C2782A0A78F500BB6656 /* SleepSetupView.swift */ = {isa = PBXFileReference; lastKnownFileType = sourcecode.swift; path = SleepSetupView.swift; sourceTree = "<group>"; };
		BFF1DD892A2616100023D8FF /* RoundedCorner .swift */ = {isa = PBXFileReference; lastKnownFileType = sourcecode.swift; path = "RoundedCorner .swift"; sourceTree = "<group>"; };
		BFF1DD8B2A261AA30023D8FF /* View+RoundedCorner.swift */ = {isa = PBXFileReference; lastKnownFileType = sourcecode.swift; path = "View+RoundedCorner.swift"; sourceTree = "<group>"; };
/* End PBXFileReference section */

/* Begin PBXFrameworksBuildPhase section */
		0B5025D32A063EFF004E3671 /* Frameworks */ = {
			isa = PBXFrameworksBuildPhase;
			buildActionMask = 2147483647;
			files = (
			);
			runOnlyForDeploymentPostprocessing = 0;
		};
		0B5025E32A063F06004E3671 /* Frameworks */ = {
			isa = PBXFrameworksBuildPhase;
			buildActionMask = 2147483647;
			files = (
			);
			runOnlyForDeploymentPostprocessing = 0;
		};
/* End PBXFrameworksBuildPhase section */

/* Begin PBXGroup section */
		0B5025CD2A063EFF004E3671 = {
			isa = PBXGroup;
			children = (
				0B5025D82A063EFF004E3671 /* SleepTracker */,
				0B5025E92A063F07004E3671 /* SleepTrackerTests */,
				0B5025D72A063EFF004E3671 /* Products */,
			);
			sourceTree = "<group>";
		};
		0B5025D72A063EFF004E3671 /* Products */ = {
			isa = PBXGroup;
			children = (
				0B5025D62A063EFF004E3671 /* SleepTracker.app */,
				0B5025E62A063F06004E3671 /* SleepTrackerTests.xctest */,
			);
			name = Products;
			sourceTree = "<group>";
		};
		0B5025D82A063EFF004E3671 /* SleepTracker */ = {
			isa = PBXGroup;
			children = (
				0B5025D92A063EFF004E3671 /* SleepTrackerApp.swift */,
				0B5026082A06426C004E3671 /* Helpers */,
				0B5026052A06424E004E3671 /* Model */,
				0B5026072A06425F004E3671 /* ViewModel */,
				0B5026062A064259004E3671 /* View */,
			);
			path = SleepTracker;
			sourceTree = "<group>";
		};
		0B5025DF2A063F06004E3671 /* Preview Content */ = {
			isa = PBXGroup;
			children = (
				0B5025E02A063F06004E3671 /* Preview Assets.xcassets */,
			);
			path = "Preview Content";
			sourceTree = "<group>";
		};
		0B5025E92A063F07004E3671 /* SleepTrackerTests */ = {
			isa = PBXGroup;
			children = (
				93E238932A0B7EE600B58D0E /* Helpers */,
				1CD503B62A26803300B8141A /* ViewModel */,
				1CE7E9CD2A25CF09000A0509 /* Extensions */,
			);
			path = SleepTrackerTests;
			sourceTree = "<group>";
		};
		0B5026052A06424E004E3671 /* Model */ = {
			isa = PBXGroup;
			children = (
			);
			path = Model;
			sourceTree = "<group>";
		};
		0B5026062A064259004E3671 /* View */ = {
			isa = PBXGroup;
			children = (
				BF71826F2A2EF3280004E6CF /* SleepReportPageView */,
				1CE7E9DA2A263BCB000A0509 /* SleepPageView */,
				93E6DFDF2A142D1F0090EE2F /* ReusableViews */,
			);
			path = View;
			sourceTree = "<group>";
		};
		0B5026072A06425F004E3671 /* ViewModel */ = {
			isa = PBXGroup;
			children = (
				1CE7E9DD2A263EDD000A0509 /* SleepPageViewModel.swift */,
			);
			path = ViewModel;
			sourceTree = "<group>";
		};
		0B5026082A06426C004E3671 /* Helpers */ = {
			isa = PBXGroup;
			children = (
				0B5026092A064276004E3671 /* Resources */,
				9354B4DC2A0ABB4A0095F1CD /* Color+AppScheme.swift */,
				9363F2DA2A0D44F20067647F /* Image+AppImage.swift */,
				BFF1DD892A2616100023D8FF /* RoundedCorner .swift */,
				BFF1DD8B2A261AA30023D8FF /* View+RoundedCorner.swift */,
				1CB25E3C2A20F2A600510E2B /* UserDefaults+SharedAppPreferences.swift */,
				1CE7E9D42A25D4EE000A0509 /* Date+ShortComponents.swift */,
				93513C0C2A17BBDC001B549A /* CGFloat+AppFontSize.swift */,
				93513C0E2A17BCAC001B549A /* AppUIConstant.swift */,
			);
			path = Helpers;
			sourceTree = "<group>";
		};
		0B5026092A064276004E3671 /* Resources */ = {
			isa = PBXGroup;
			children = (
				0B5025DF2A063F06004E3671 /* Preview Content */,
				0B5025DD2A063F06004E3671 /* Assets.xcassets */,
			);
			path = Resources;
			sourceTree = "<group>";
		};
		1C6EE5662A1DE933007015CA /* ButtonStyle */ = {
			isa = PBXGroup;
			children = (
				933ABC0F2A13779F00D4A485 /* RoundedRectangleBlue.swift */,
			);
			path = ButtonStyle;
			sourceTree = "<group>";
		};
		1CD503B62A26803300B8141A /* ViewModel */ = {
			isa = PBXGroup;
			children = (
				1CD503B72A26806B00B8141A /* SleepPageViewModelTests.swift */,
			);
			path = ViewModel;
			sourceTree = "<group>";
		};
		1CE7E9CD2A25CF09000A0509 /* Extensions */ = {
			isa = PBXGroup;
			children = (
				1CE7E9CE2A25CF1B000A0509 /* UserDefaults+DeleteDataForAllTestKeys.swift */,
				1CE7E9D02A25CF48000A0509 /* UserDefaults+TestKey.swift */,
				1CE7E9D72A263530000A0509 /* Date+CurrentTimeZone.swift */,
			);
			path = Extensions;
			sourceTree = "<group>";
		};
		1CE7E9DA2A263BCB000A0509 /* SleepPageView */ = {
			isa = PBXGroup;
			children = (
				1CE7E9DB2A263E41000A0509 /* SleepPageView.swift */,
				74B508682A0AC97700B12BE0 /* DuringSleepView */,
				BF6918D62A14B7FC00A5DF33 /* SleepSetupView */,
			);
			path = SleepPageView;
			sourceTree = "<group>";
		};
		74B508682A0AC97700B12BE0 /* DuringSleepView */ = {
			isa = PBXGroup;
			children = (
				74B508692A0AC98C00B12BE0 /* DuringSleepView.swift */,
			);
			path = DuringSleepView;
			sourceTree = "<group>";
		};
		93E238932A0B7EE600B58D0E /* Helpers */ = {
			isa = PBXGroup;
			children = (
				9354B4DE2A0ABDDA0095F1CD /* Color+AppSchemeTests.swift */,
				9363F2DC2A0D67DD0067647F /* Image+AppImageTests.swift */,
				1CB25E3E2A20F35000510E2B /* UserDefaults+SharedAppPreferencesTests.swift */,
				1CE7E9D22A25D499000A0509 /* Date+ShortComponentsTests.swift */,
				93513C102A17BD4E001B549A /* CGFloat+AppFontSizeTests.swift */,
				93513C132A17DC17001B549A /* AppUIConstantTests.swift */,
			);
			path = Helpers;
			sourceTree = "<group>";
		};
		93E6DFDF2A142D1F0090EE2F /* ReusableViews */ = {
			isa = PBXGroup;
			children = (
				BF6918E52A16968F00A5DF33 /* MultilineCenteredLabelView.swift */,
				1C6EE5662A1DE933007015CA /* ButtonStyle */,
			);
			path = ReusableViews;
			sourceTree = "<group>";
		};
		BF6918D62A14B7FC00A5DF33 /* SleepSetupView */ = {
			isa = PBXGroup;
			children = (
				BF6918D72A14B80800A5DF33 /* Subviews */,
				BF77C2782A0A78F500BB6656 /* SleepSetupView.swift */,
			);
			path = SleepSetupView;
			sourceTree = "<group>";
		};
		BF6918D72A14B80800A5DF33 /* Subviews */ = {
			isa = PBXGroup;
			children = (
				BF6918E32A1690F500A5DF33 /* AlarmSetupView.swift */,
				BF6918E12A16865300A5DF33 /* NoAlarmLabelView.swift */,
				BF6918DD2A14B88800A5DF33 /* RoundedAlarmView.swift */,
				BF6918DF2A14C20B00A5DF33 /* WheelTimePickerView.swift */,
			);
			path = Subviews;
			sourceTree = "<group>";
		};
		BF71826F2A2EF3280004E6CF /* SleepReportPageView */ = {
			isa = PBXGroup;
			children = (
				BF7182742A2EF3E60004E6CF /* ReportDetailsView */,
			);
			path = SleepReportPageView;
			sourceTree = "<group>";
		};
		BF7182742A2EF3E60004E6CF /* ReportDetailsView */ = {
			isa = PBXGroup;
			children = (
				BF7182752A2EF3FF0004E6CF /* Subviews */,
				BF7182762A2EF4070004E6CF /* ReportDetailsView.swift */,
			);
			path = ReportDetailsView;
			sourceTree = "<group>";
		};
		BF7182752A2EF3FF0004E6CF /* Subviews */ = {
			isa = PBXGroup;
			children = (
				BF71827A2A2F2CF90004E6CF /* NightSleepLabelView.swift */,
				BF71827C2A2F32DF0004E6CF /* ReportLabelView.swift */,
			);
			path = Subviews;
			sourceTree = "<group>";
		};
/* End PBXGroup section */

/* Begin PBXNativeTarget section */
		0B5025D52A063EFF004E3671 /* SleepTracker */ = {
			isa = PBXNativeTarget;
			buildConfigurationList = 0B5025FA2A063F07004E3671 /* Build configuration list for PBXNativeTarget "SleepTracker" */;
			buildPhases = (
				0B5025D22A063EFF004E3671 /* Sources */,
				0B5025D32A063EFF004E3671 /* Frameworks */,
				0B5025D42A063EFF004E3671 /* Resources */,
				0B5026032A06408E004E3671 /* SwiftFormat Script */,
				0B5026042A0640F6004E3671 /* SwiftLint Script */,
			);
			buildRules = (
			);
			dependencies = (
			);
			name = SleepTracker;
			productName = SleepTracker;
			productReference = 0B5025D62A063EFF004E3671 /* SleepTracker.app */;
			productType = "com.apple.product-type.application";
		};
		0B5025E52A063F06004E3671 /* SleepTrackerTests */ = {
			isa = PBXNativeTarget;
			buildConfigurationList = 0B5025FD2A063F07004E3671 /* Build configuration list for PBXNativeTarget "SleepTrackerTests" */;
			buildPhases = (
				0B5025E22A063F06004E3671 /* Sources */,
				0B5025E32A063F06004E3671 /* Frameworks */,
				0B5025E42A063F06004E3671 /* Resources */,
			);
			buildRules = (
			);
			dependencies = (
				0B5025E82A063F06004E3671 /* PBXTargetDependency */,
			);
			name = SleepTrackerTests;
			productName = SleepTrackerTests;
			productReference = 0B5025E62A063F06004E3671 /* SleepTrackerTests.xctest */;
			productType = "com.apple.product-type.bundle.unit-test";
		};
/* End PBXNativeTarget section */

/* Begin PBXProject section */
		0B5025CE2A063EFF004E3671 /* Project object */ = {
			isa = PBXProject;
			attributes = {
				BuildIndependentTargetsInParallel = 1;
				LastSwiftUpdateCheck = 1430;
				LastUpgradeCheck = 1430;
				TargetAttributes = {
					0B5025D52A063EFF004E3671 = {
						CreatedOnToolsVersion = 14.3;
					};
					0B5025E52A063F06004E3671 = {
						CreatedOnToolsVersion = 14.3;
						TestTargetID = 0B5025D52A063EFF004E3671;
					};
				};
			};
			buildConfigurationList = 0B5025D12A063EFF004E3671 /* Build configuration list for PBXProject "SleepTracker" */;
			compatibilityVersion = "Xcode 14.0";
			developmentRegion = en;
			hasScannedForEncodings = 0;
			knownRegions = (
				en,
				Base,
			);
			mainGroup = 0B5025CD2A063EFF004E3671;
			productRefGroup = 0B5025D72A063EFF004E3671 /* Products */;
			projectDirPath = "";
			projectRoot = "";
			targets = (
				0B5025D52A063EFF004E3671 /* SleepTracker */,
				0B5025E52A063F06004E3671 /* SleepTrackerTests */,
			);
		};
/* End PBXProject section */

/* Begin PBXResourcesBuildPhase section */
		0B5025D42A063EFF004E3671 /* Resources */ = {
			isa = PBXResourcesBuildPhase;
			buildActionMask = 2147483647;
			files = (
				0B5025E12A063F06004E3671 /* Preview Assets.xcassets in Resources */,
				0B5025DE2A063F06004E3671 /* Assets.xcassets in Resources */,
			);
			runOnlyForDeploymentPostprocessing = 0;
		};
		0B5025E42A063F06004E3671 /* Resources */ = {
			isa = PBXResourcesBuildPhase;
			buildActionMask = 2147483647;
			files = (
			);
			runOnlyForDeploymentPostprocessing = 0;
		};
/* End PBXResourcesBuildPhase section */

/* Begin PBXShellScriptBuildPhase section */
		0B5026032A06408E004E3671 /* SwiftFormat Script */ = {
			isa = PBXShellScriptBuildPhase;
			alwaysOutOfDate = 1;
			buildActionMask = 2147483647;
			files = (
			);
			inputFileListPaths = (
			);
			inputPaths = (
			);
			name = "SwiftFormat Script";
			outputFileListPaths = (
			);
			outputPaths = (
			);
			runOnlyForDeploymentPostprocessing = 0;
			shellPath = /bin/sh;
			shellScript = "if [[ \"$(uname -m)\" == arm64 ]]; then\n    export PATH=\"/opt/homebrew/bin:$PATH\"\nfi\n\nif which swiftformat >/dev/null; then\n  swiftformat .\nelse\n  echo \"warning: SwiftFormat not installed, download from https://github.com/nicklockwood/SwiftFormat\"\nfi\n";
		};
		0B5026042A0640F6004E3671 /* SwiftLint Script */ = {
			isa = PBXShellScriptBuildPhase;
			alwaysOutOfDate = 1;
			buildActionMask = 2147483647;
			files = (
			);
			inputFileListPaths = (
			);
			inputPaths = (
			);
			name = "SwiftLint Script";
			outputFileListPaths = (
			);
			outputPaths = (
			);
			runOnlyForDeploymentPostprocessing = 0;
			shellPath = /bin/sh;
			shellScript = "if [[ \"$(uname -m)\" == arm64 ]]; then\n    export PATH=\"/opt/homebrew/bin:$PATH\"\nfi\n\nif which swiftlint > /dev/null; then\n  swiftlint --config ../.swiftlint.yml\nelse\n  echo \"warning: SwiftLint not installed, download from https://github.com/realm/SwiftLint\"\nfi\n";
		};
/* End PBXShellScriptBuildPhase section */

/* Begin PBXSourcesBuildPhase section */
		0B5025D22A063EFF004E3671 /* Sources */ = {
			isa = PBXSourcesBuildPhase;
			buildActionMask = 2147483647;
			files = (
				74B5086A2A0AC98C00B12BE0 /* DuringSleepView.swift in Sources */,
				9354B4DD2A0ABB4A0095F1CD /* Color+AppScheme.swift in Sources */,
				933ABC102A13779F00D4A485 /* RoundedRectangleBlue.swift in Sources */,
				BFF1DD8A2A2616100023D8FF /* RoundedCorner .swift in Sources */,
				93513C0D2A17BBDC001B549A /* CGFloat+AppFontSize.swift in Sources */,
				9363F2DB2A0D44F20067647F /* Image+AppImage.swift in Sources */,
				BF6918DE2A14B88800A5DF33 /* RoundedAlarmView.swift in Sources */,
				BF77C2792A0A78F500BB6656 /* SleepSetupView.swift in Sources */,
				BF6918E62A16968F00A5DF33 /* MultilineCenteredLabelView.swift in Sources */,
				BF71827B2A2F2CF90004E6CF /* NightSleepLabelView.swift in Sources */,
				BF6918E02A14C20B00A5DF33 /* WheelTimePickerView.swift in Sources */,
				BF7182772A2EF4070004E6CF /* ReportDetailsView.swift in Sources */,
				0B5025DA2A063EFF004E3671 /* SleepTrackerApp.swift in Sources */,
				BF6918E22A16865300A5DF33 /* NoAlarmLabelView.swift in Sources */,
				1CE7E9DE2A263EDD000A0509 /* SleepPageViewModel.swift in Sources */,
				1CE7E9DC2A263E41000A0509 /* SleepPageView.swift in Sources */,
				1CE7E9D52A25D4EE000A0509 /* Date+ShortComponents.swift in Sources */,
				1CE7E9DF2A263F03000A0509 /* UserDefaults+SharedAppPreferences.swift in Sources */,
				BF71827D2A2F32DF0004E6CF /* ReportLabelView.swift in Sources */,
				BF6918E42A1690F500A5DF33 /* AlarmSetupView.swift in Sources */,
				BFF1DD8C2A261AA30023D8FF /* View+RoundedCorner.swift in Sources */,
				93513C0F2A17BCAC001B549A /* AppUIConstant.swift in Sources */,
			);
			runOnlyForDeploymentPostprocessing = 0;
		};
		0B5025E22A063F06004E3671 /* Sources */ = {
			isa = PBXSourcesBuildPhase;
			buildActionMask = 2147483647;
			files = (
				1CE7E9D12A25CF48000A0509 /* UserDefaults+TestKey.swift in Sources */,
				1CD503B82A26806B00B8141A /* SleepPageViewModelTests.swift in Sources */,
				1CD503B92A26808A00B8141A /* SleepPageViewModel.swift in Sources */,
				1CB25E3F2A20F35000510E2B /* UserDefaults+SharedAppPreferencesTests.swift in Sources */,
				1CE7E9D82A263530000A0509 /* Date+CurrentTimeZone.swift in Sources */,
				1CE7E9CF2A25CF1B000A0509 /* UserDefaults+DeleteDataForAllTestKeys.swift in Sources */,
				1CE7E9D62A25D5C6000A0509 /* Date+ShortComponents.swift in Sources */,
				1CB25E3A2A20F01200510E2B /* Color+AppScheme.swift in Sources */,
				1CE7E9D32A25D499000A0509 /* Date+ShortComponentsTests.swift in Sources */,
				1CB25E3B2A20F01500510E2B /* Image+AppImage.swift in Sources */,
				1CB25E382A20EFFF00510E2B /* Color+AppSchemeTests.swift in Sources */,
				1CB25E392A20F00100510E2B /* Image+AppImageTests.swift in Sources */,
				1CB25E402A20F3D800510E2B /* UserDefaults+SharedAppPreferences.swift in Sources */,
				93513C122A17D0B1001B549A /* CGFloat+AppFontSize.swift in Sources */,
				93513C142A17DC17001B549A /* AppUIConstantTests.swift in Sources */,
				93513C112A17BD4E001B549A /* CGFloat+AppFontSizeTests.swift in Sources */,
				93513C152A17DD52001B549A /* AppUIConstant.swift in Sources */,
			);
			runOnlyForDeploymentPostprocessing = 0;
		};
/* End PBXSourcesBuildPhase section */

/* Begin PBXTargetDependency section */
		0B5025E82A063F06004E3671 /* PBXTargetDependency */ = {
			isa = PBXTargetDependency;
			target = 0B5025D52A063EFF004E3671 /* SleepTracker */;
			targetProxy = 0B5025E72A063F06004E3671 /* PBXContainerItemProxy */;
		};
/* End PBXTargetDependency section */

/* Begin XCBuildConfiguration section */
		0B5025F82A063F07004E3671 /* Debug */ = {
			isa = XCBuildConfiguration;
			buildSettings = {
				ALWAYS_SEARCH_USER_PATHS = NO;
				CLANG_ANALYZER_NONNULL = YES;
				CLANG_ANALYZER_NUMBER_OBJECT_CONVERSION = YES_AGGRESSIVE;
				CLANG_CXX_LANGUAGE_STANDARD = "gnu++20";
				CLANG_ENABLE_MODULES = YES;
				CLANG_ENABLE_OBJC_ARC = YES;
				CLANG_ENABLE_OBJC_WEAK = YES;
				CLANG_WARN_BLOCK_CAPTURE_AUTORELEASING = YES;
				CLANG_WARN_BOOL_CONVERSION = YES;
				CLANG_WARN_COMMA = YES;
				CLANG_WARN_CONSTANT_CONVERSION = YES;
				CLANG_WARN_DEPRECATED_OBJC_IMPLEMENTATIONS = YES;
				CLANG_WARN_DIRECT_OBJC_ISA_USAGE = YES_ERROR;
				CLANG_WARN_DOCUMENTATION_COMMENTS = YES;
				CLANG_WARN_EMPTY_BODY = YES;
				CLANG_WARN_ENUM_CONVERSION = YES;
				CLANG_WARN_INFINITE_RECURSION = YES;
				CLANG_WARN_INT_CONVERSION = YES;
				CLANG_WARN_NON_LITERAL_NULL_CONVERSION = YES;
				CLANG_WARN_OBJC_IMPLICIT_RETAIN_SELF = YES;
				CLANG_WARN_OBJC_LITERAL_CONVERSION = YES;
				CLANG_WARN_OBJC_ROOT_CLASS = YES_ERROR;
				CLANG_WARN_QUOTED_INCLUDE_IN_FRAMEWORK_HEADER = YES;
				CLANG_WARN_RANGE_LOOP_ANALYSIS = YES;
				CLANG_WARN_STRICT_PROTOTYPES = YES;
				CLANG_WARN_SUSPICIOUS_MOVE = YES;
				CLANG_WARN_UNGUARDED_AVAILABILITY = YES_AGGRESSIVE;
				CLANG_WARN_UNREACHABLE_CODE = YES;
				CLANG_WARN__DUPLICATE_METHOD_MATCH = YES;
				COPY_PHASE_STRIP = NO;
				CURRENT_PROJECT_VERSION = 0.1.0;
				DEBUG_INFORMATION_FORMAT = dwarf;
				ENABLE_STRICT_OBJC_MSGSEND = YES;
				ENABLE_TESTABILITY = YES;
				GCC_C_LANGUAGE_STANDARD = gnu11;
				GCC_DYNAMIC_NO_PIC = NO;
				GCC_NO_COMMON_BLOCKS = YES;
				GCC_OPTIMIZATION_LEVEL = 0;
				GCC_PREPROCESSOR_DEFINITIONS = (
					"DEBUG=1",
					"$(inherited)",
				);
				GCC_WARN_64_TO_32_BIT_CONVERSION = YES;
				GCC_WARN_ABOUT_RETURN_TYPE = YES_ERROR;
				GCC_WARN_UNDECLARED_SELECTOR = YES;
				GCC_WARN_UNINITIALIZED_AUTOS = YES_AGGRESSIVE;
				GCC_WARN_UNUSED_FUNCTION = YES;
				GCC_WARN_UNUSED_VARIABLE = YES;
				INFOPLIST_KEY_LSApplicationCategoryType = "public.app-category.healthcare-fitness";
				IPHONEOS_DEPLOYMENT_TARGET = 16.0;
				MARKETING_VERSION = 0.1.0;
				MTL_ENABLE_DEBUG_INFO = INCLUDE_SOURCE;
				MTL_FAST_MATH = YES;
				ONLY_ACTIVE_ARCH = YES;
				SDKROOT = iphoneos;
				SWIFT_ACTIVE_COMPILATION_CONDITIONS = DEBUG;
				SWIFT_OPTIMIZATION_LEVEL = "-Onone";
			};
			name = Debug;
		};
		0B5025F92A063F07004E3671 /* Release */ = {
			isa = XCBuildConfiguration;
			buildSettings = {
				ALWAYS_SEARCH_USER_PATHS = NO;
				CLANG_ANALYZER_NONNULL = YES;
				CLANG_ANALYZER_NUMBER_OBJECT_CONVERSION = YES_AGGRESSIVE;
				CLANG_CXX_LANGUAGE_STANDARD = "gnu++20";
				CLANG_ENABLE_MODULES = YES;
				CLANG_ENABLE_OBJC_ARC = YES;
				CLANG_ENABLE_OBJC_WEAK = YES;
				CLANG_WARN_BLOCK_CAPTURE_AUTORELEASING = YES;
				CLANG_WARN_BOOL_CONVERSION = YES;
				CLANG_WARN_COMMA = YES;
				CLANG_WARN_CONSTANT_CONVERSION = YES;
				CLANG_WARN_DEPRECATED_OBJC_IMPLEMENTATIONS = YES;
				CLANG_WARN_DIRECT_OBJC_ISA_USAGE = YES_ERROR;
				CLANG_WARN_DOCUMENTATION_COMMENTS = YES;
				CLANG_WARN_EMPTY_BODY = YES;
				CLANG_WARN_ENUM_CONVERSION = YES;
				CLANG_WARN_INFINITE_RECURSION = YES;
				CLANG_WARN_INT_CONVERSION = YES;
				CLANG_WARN_NON_LITERAL_NULL_CONVERSION = YES;
				CLANG_WARN_OBJC_IMPLICIT_RETAIN_SELF = YES;
				CLANG_WARN_OBJC_LITERAL_CONVERSION = YES;
				CLANG_WARN_OBJC_ROOT_CLASS = YES_ERROR;
				CLANG_WARN_QUOTED_INCLUDE_IN_FRAMEWORK_HEADER = YES;
				CLANG_WARN_RANGE_LOOP_ANALYSIS = YES;
				CLANG_WARN_STRICT_PROTOTYPES = YES;
				CLANG_WARN_SUSPICIOUS_MOVE = YES;
				CLANG_WARN_UNGUARDED_AVAILABILITY = YES_AGGRESSIVE;
				CLANG_WARN_UNREACHABLE_CODE = YES;
				CLANG_WARN__DUPLICATE_METHOD_MATCH = YES;
				COPY_PHASE_STRIP = NO;
				CURRENT_PROJECT_VERSION = 0.1.0;
				DEBUG_INFORMATION_FORMAT = "dwarf-with-dsym";
				ENABLE_NS_ASSERTIONS = NO;
				ENABLE_STRICT_OBJC_MSGSEND = YES;
				GCC_C_LANGUAGE_STANDARD = gnu11;
				GCC_NO_COMMON_BLOCKS = YES;
				GCC_WARN_64_TO_32_BIT_CONVERSION = YES;
				GCC_WARN_ABOUT_RETURN_TYPE = YES_ERROR;
				GCC_WARN_UNDECLARED_SELECTOR = YES;
				GCC_WARN_UNINITIALIZED_AUTOS = YES_AGGRESSIVE;
				GCC_WARN_UNUSED_FUNCTION = YES;
				GCC_WARN_UNUSED_VARIABLE = YES;
				INFOPLIST_KEY_LSApplicationCategoryType = "public.app-category.healthcare-fitness";
				IPHONEOS_DEPLOYMENT_TARGET = 16.0;
				MARKETING_VERSION = 0.1.0;
				MTL_ENABLE_DEBUG_INFO = NO;
				MTL_FAST_MATH = YES;
				SDKROOT = iphoneos;
				SWIFT_COMPILATION_MODE = wholemodule;
				SWIFT_OPTIMIZATION_LEVEL = "-O";
				VALIDATE_PRODUCT = YES;
			};
			name = Release;
		};
		0B5025FB2A063F07004E3671 /* Debug */ = {
			isa = XCBuildConfiguration;
			buildSettings = {
				ASSETCATALOG_COMPILER_APPICON_NAME = AppIcon;
				ASSETCATALOG_COMPILER_GLOBAL_ACCENT_COLOR_NAME = AccentColor;
				CODE_SIGN_STYLE = Automatic;
				CURRENT_PROJECT_VERSION = 0.1.0;
				DEVELOPMENT_ASSET_PATHS = "\"SleepTracker/Helpers/Resources/Preview Content\"";
				ENABLE_PREVIEWS = YES;
				GENERATE_INFOPLIST_FILE = YES;
				INFOPLIST_KEY_LSApplicationCategoryType = "public.app-category.healthcare-fitness";
				INFOPLIST_KEY_UIApplicationSceneManifest_Generation = YES;
				INFOPLIST_KEY_UIApplicationSupportsIndirectInputEvents = YES;
				INFOPLIST_KEY_UILaunchScreen_Generation = YES;
				INFOPLIST_KEY_UISupportedInterfaceOrientations = UIInterfaceOrientationPortrait;
				LD_RUNPATH_SEARCH_PATHS = (
					"$(inherited)",
					"@executable_path/Frameworks",
				);
				MARKETING_VERSION = 0.1.0;
				PRODUCT_BUNDLE_IDENTIFIER = com.swiftcowboys.ios.sleeptracker.SleepTracker;
				PRODUCT_NAME = "$(TARGET_NAME)";
				SUPPORTED_PLATFORMS = "iphoneos iphonesimulator";
				SUPPORTS_MACCATALYST = NO;
				SUPPORTS_MAC_DESIGNED_FOR_IPHONE_IPAD = NO;
				SWIFT_EMIT_LOC_STRINGS = YES;
				SWIFT_VERSION = 5.0;
				TARGETED_DEVICE_FAMILY = 1;
			};
			name = Debug;
		};
		0B5025FC2A063F07004E3671 /* Release */ = {
			isa = XCBuildConfiguration;
			buildSettings = {
				ASSETCATALOG_COMPILER_APPICON_NAME = AppIcon;
				ASSETCATALOG_COMPILER_GLOBAL_ACCENT_COLOR_NAME = AccentColor;
				CODE_SIGN_STYLE = Automatic;
				CURRENT_PROJECT_VERSION = 0.1.0;
				DEVELOPMENT_ASSET_PATHS = "\"SleepTracker/Helpers/Resources/Preview Content\"";
				ENABLE_PREVIEWS = YES;
				GENERATE_INFOPLIST_FILE = YES;
				INFOPLIST_KEY_LSApplicationCategoryType = "public.app-category.healthcare-fitness";
				INFOPLIST_KEY_UIApplicationSceneManifest_Generation = YES;
				INFOPLIST_KEY_UIApplicationSupportsIndirectInputEvents = YES;
				INFOPLIST_KEY_UILaunchScreen_Generation = YES;
				INFOPLIST_KEY_UISupportedInterfaceOrientations = UIInterfaceOrientationPortrait;
				LD_RUNPATH_SEARCH_PATHS = (
					"$(inherited)",
					"@executable_path/Frameworks",
				);
				MARKETING_VERSION = 0.1.0;
				PRODUCT_BUNDLE_IDENTIFIER = com.swiftcowboys.ios.sleeptracker.SleepTracker;
				PRODUCT_NAME = "$(TARGET_NAME)";
				SUPPORTED_PLATFORMS = "iphoneos iphonesimulator";
				SUPPORTS_MACCATALYST = NO;
				SUPPORTS_MAC_DESIGNED_FOR_IPHONE_IPAD = NO;
				SWIFT_EMIT_LOC_STRINGS = YES;
				SWIFT_VERSION = 5.0;
				TARGETED_DEVICE_FAMILY = 1;
			};
			name = Release;
		};
		0B5025FE2A063F07004E3671 /* Debug */ = {
			isa = XCBuildConfiguration;
			buildSettings = {
				ALWAYS_EMBED_SWIFT_STANDARD_LIBRARIES = YES;
				BUNDLE_LOADER = "$(TEST_HOST)";
				CODE_SIGN_STYLE = Automatic;
				CURRENT_PROJECT_VERSION = 0.1.0;
				GENERATE_INFOPLIST_FILE = YES;
				INFOPLIST_KEY_LSApplicationCategoryType = "public.app-category.healthcare-fitness";
				IPHONEOS_DEPLOYMENT_TARGET = 16.0;
				MARKETING_VERSION = 0.1.0;
				PRODUCT_BUNDLE_IDENTIFIER = com.swiftcowboys.ios.sleeptracker.SleepTrackerTests;
				PRODUCT_NAME = "$(TARGET_NAME)";
				SUPPORTED_PLATFORMS = "iphoneos iphonesimulator";
				SUPPORTS_MACCATALYST = NO;
				SUPPORTS_MAC_DESIGNED_FOR_IPHONE_IPAD = NO;
				SWIFT_EMIT_LOC_STRINGS = NO;
				SWIFT_VERSION = 5.0;
				TARGETED_DEVICE_FAMILY = 1;
				TEST_HOST = "$(BUILT_PRODUCTS_DIR)/SleepTracker.app/$(BUNDLE_EXECUTABLE_FOLDER_PATH)/SleepTracker";
			};
			name = Debug;
		};
		0B5025FF2A063F07004E3671 /* Release */ = {
			isa = XCBuildConfiguration;
			buildSettings = {
				ALWAYS_EMBED_SWIFT_STANDARD_LIBRARIES = YES;
				BUNDLE_LOADER = "$(TEST_HOST)";
				CODE_SIGN_STYLE = Automatic;
				CURRENT_PROJECT_VERSION = 0.1.0;
				GENERATE_INFOPLIST_FILE = YES;
				INFOPLIST_KEY_LSApplicationCategoryType = "public.app-category.healthcare-fitness";
				IPHONEOS_DEPLOYMENT_TARGET = 16.0;
				MARKETING_VERSION = 0.1.0;
				PRODUCT_BUNDLE_IDENTIFIER = com.swiftcowboys.ios.sleeptracker.SleepTrackerTests;
				PRODUCT_NAME = "$(TARGET_NAME)";
				SUPPORTED_PLATFORMS = "iphoneos iphonesimulator";
				SUPPORTS_MACCATALYST = NO;
				SUPPORTS_MAC_DESIGNED_FOR_IPHONE_IPAD = NO;
				SWIFT_EMIT_LOC_STRINGS = NO;
				SWIFT_VERSION = 5.0;
				TARGETED_DEVICE_FAMILY = 1;
				TEST_HOST = "$(BUILT_PRODUCTS_DIR)/SleepTracker.app/$(BUNDLE_EXECUTABLE_FOLDER_PATH)/SleepTracker";
			};
			name = Release;
		};
/* End XCBuildConfiguration section */

/* Begin XCConfigurationList section */
		0B5025D12A063EFF004E3671 /* Build configuration list for PBXProject "SleepTracker" */ = {
			isa = XCConfigurationList;
			buildConfigurations = (
				0B5025F82A063F07004E3671 /* Debug */,
				0B5025F92A063F07004E3671 /* Release */,
			);
			defaultConfigurationIsVisible = 0;
			defaultConfigurationName = Release;
		};
		0B5025FA2A063F07004E3671 /* Build configuration list for PBXNativeTarget "SleepTracker" */ = {
			isa = XCConfigurationList;
			buildConfigurations = (
				0B5025FB2A063F07004E3671 /* Debug */,
				0B5025FC2A063F07004E3671 /* Release */,
			);
			defaultConfigurationIsVisible = 0;
			defaultConfigurationName = Release;
		};
		0B5025FD2A063F07004E3671 /* Build configuration list for PBXNativeTarget "SleepTrackerTests" */ = {
			isa = XCConfigurationList;
			buildConfigurations = (
				0B5025FE2A063F07004E3671 /* Debug */,
				0B5025FF2A063F07004E3671 /* Release */,
			);
			defaultConfigurationIsVisible = 0;
			defaultConfigurationName = Release;
		};
/* End XCConfigurationList section */
	};
	rootObject = 0B5025CE2A063EFF004E3671 /* Project object */;
}
